
Microsoft Visual Studio Solution File, Format Version 12.00
# Visual Studio Version 16
VisualStudioVersion = 16.0.30804.86
MinimumVisualStudioVersion = 10.0.40219.1
Project("{FAE04EC0-301F-11D3-BF4B-00C04F79EFBC}") = "BusinessLayer", "BusinessLayer\BusinessLayer.csproj", "{93323824-1BAE-4306-A2B8-31D8B33A3BE7}"
EndProject
Project("{FAE04EC0-301F-11D3-BF4B-00C04F79EFBC}") = "UnitTest_ElecVerbruik", "UnitTest_ElecVerbruik\UnitTest_ElecVerbruik.csproj", "{4C57CD34-5B92-423C-AED2-2197D00CE5EF}"
EndProject
Project("{FAE04EC0-301F-11D3-BF4B-00C04F79EFBC}") = "WPF_ElecVerbruik", "WPF_ElecVerbruik\WPF_ElecVerbruik.csproj", "{44F21343-8AF8-491C-9268-09D7A591D165}"
EndProject
Global
	GlobalSection(SolutionConfigurationPlatforms) = preSolution
		Debug|Any CPU = Debug|Any CPU
		Release|Any CPU = Release|Any CPU
	EndGlobalSection
	GlobalSection(ProjectConfigurationPlatforms) = postSolution
		{93323824-1BAE-4306-A2B8-31D8B33A3BE7}.Debug|Any CPU.ActiveCfg = Debug|Any CPU
		{93323824-1BAE-4306-A2B8-31D8B33A3BE7}.Debug|Any CPU.Build.0 = Debug|Any CPU
		{93323824-1BAE-4306-A2B8-31D8B33A3BE7}.Release|Any CPU.ActiveCfg = Release|Any CPU
		{93323824-1BAE-4306-A2B8-31D8B33A3BE7}.Release|Any CPU.Build.0 = Release|Any CPU
		{4C57CD34-5B92-423C-AED2-2197D00CE5EF}.Debug|Any CPU.ActiveCfg = Debug|Any CPU
		{4C57CD34-5B92-423C-AED2-2197D00CE5EF}.Debug|Any CPU.Build.0 = Debug|Any CPU
		{4C57CD34-5B92-423C-AED2-2197D00CE5EF}.Release|Any CPU.ActiveCfg = Release|Any CPU
		{4C57CD34-5B92-423C-AED2-2197D00CE5EF}.Release|Any CPU.Build.0 = Release|Any CPU
		{44F21343-8AF8-491C-9268-09D7A591D165}.Debug|Any CPU.ActiveCfg = Debug|Any CPU
		{44F21343-8AF8-491C-9268-09D7A591D165}.Debug|Any CPU.Build.0 = Debug|Any CPU
		{44F21343-8AF8-491C-9268-09D7A591D165}.Release|Any CPU.ActiveCfg = Release|Any CPU
		{44F21343-8AF8-491C-9268-09D7A591D165}.Release|Any CPU.Build.0 = Release|Any CPU
	EndGlobalSection
	GlobalSection(SolutionProperties) = preSolution
		HideSolutionNode = FALSE
	EndGlobalSection
	GlobalSection(ExtensibilityGlobals) = postSolution
		SolutionGuid = {D97EEFA2-D684-43D3-9B12-5AE0F7BB4445}
	EndGlobalSection
EndGlobal
